
Microsoft Visual Studio Solution File, Format Version 12.00
# Visual Studio Version 16
VisualStudioVersion = 16.0.31205.134
MinimumVisualStudioVersion = 10.0.40219.1
Project("{FAE04EC0-301F-11D3-BF4B-00C04F79EFBC}") = "DijkstraAlgoritme", "DijkstraAlgoritme\DijkstraAlgoritme.csproj", "{C85AA312-3702-4BE3-A2F1-2930A3191DE8}"
EndProject
Global
	GlobalSection(SolutionConfigurationPlatforms) = preSolution
		Debug|Any CPU = Debug|Any CPU
		Release|Any CPU = Release|Any CPU
	EndGlobalSection
	GlobalSection(ProjectConfigurationPlatforms) = postSolution
		{C85AA312-3702-4BE3-A2F1-2930A3191DE8}.Debug|Any CPU.ActiveCfg = Debug|Any CPU
		{C85AA312-3702-4BE3-A2F1-2930A3191DE8}.Debug|Any CPU.Build.0 = Debug|Any CPU
		{C85AA312-3702-4BE3-A2F1-2930A3191DE8}.Release|Any CPU.ActiveCfg = Release|Any CPU
		{C85AA312-3702-4BE3-A2F1-2930A3191DE8}.Release|Any CPU.Build.0 = Release|Any CPU
	EndGlobalSection
	GlobalSection(SolutionProperties) = preSolution
		HideSolutionNode = FALSE
	EndGlobalSection
	GlobalSection(ExtensibilityGlobals) = postSolution
		SolutionGuid = {10E27EA1-2D4C-47BE-AF12-2D0A7E84A9A0}
	EndGlobalSection
EndGlobal
